
Microsoft Visual Studio Solution File, Format Version 12.00
# Visual Studio Version 16
VisualStudioVersion = 16.0.29409.12
MinimumVisualStudioVersion = 10.0.40219.1
Project("{F2A71F9B-5D33-465A-A702-920D77279786}") = "LagDaemon.StateMachines.Core", "LagDaemon.StateMachines.Core\LagDaemon.StateMachines.Core.fsproj", "{EE20A868-FE5E-4ACA-BA36-4F454E18C535}"
EndProject
Project("{F2A71F9B-5D33-465A-A702-920D77279786}") = "LagDaemon.StateMachine.Compiler", "LagDaemon.StateMachine.Compiler\LagDaemon.StateMachine.Compiler.fsproj", "{11446889-9D86-4348-BAFD-CE679AE59A9F}"
EndProject
Global
	GlobalSection(SolutionConfigurationPlatforms) = preSolution
		Debug|Any CPU = Debug|Any CPU
		Release|Any CPU = Release|Any CPU
	EndGlobalSection
	GlobalSection(ProjectConfigurationPlatforms) = postSolution
		{EE20A868-FE5E-4ACA-BA36-4F454E18C535}.Debug|Any CPU.ActiveCfg = Debug|Any CPU
		{EE20A868-FE5E-4ACA-BA36-4F454E18C535}.Debug|Any CPU.Build.0 = Debug|Any CPU
		{EE20A868-FE5E-4ACA-BA36-4F454E18C535}.Release|Any CPU.ActiveCfg = Release|Any CPU
		{EE20A868-FE5E-4ACA-BA36-4F454E18C535}.Release|Any CPU.Build.0 = Release|Any CPU
		{11446889-9D86-4348-BAFD-CE679AE59A9F}.Debug|Any CPU.ActiveCfg = Debug|Any CPU
		{11446889-9D86-4348-BAFD-CE679AE59A9F}.Debug|Any CPU.Build.0 = Debug|Any CPU
		{11446889-9D86-4348-BAFD-CE679AE59A9F}.Release|Any CPU.ActiveCfg = Release|Any CPU
		{11446889-9D86-4348-BAFD-CE679AE59A9F}.Release|Any CPU.Build.0 = Release|Any CPU
	EndGlobalSection
	GlobalSection(SolutionProperties) = preSolution
		HideSolutionNode = FALSE
	EndGlobalSection
	GlobalSection(ExtensibilityGlobals) = postSolution
		SolutionGuid = {BC0ACD7D-B178-4B10-A0A0-252FD00EA8B8}
	EndGlobalSection
EndGlobal
